// !$*UTF8*$!
{
	archiveVersion = 1;
	classes = {
	};
	objectVersion = 46;
	objects = {

/* Begin PBXBuildFile section */
		76F108391C9C676F0070B934 /* AppDelegate.swift in Sources */ = {isa = PBXBuildFile; fileRef = 76F108381C9C676F0070B934 /* AppDelegate.swift */; };
		76F1083B1C9C676F0070B934 /* ViewController.swift in Sources */ = {isa = PBXBuildFile; fileRef = 76F1083A1C9C676F0070B934 /* ViewController.swift */; };
		76F1083E1C9C676F0070B934 /* Main.storyboard in Resources */ = {isa = PBXBuildFile; fileRef = 76F1083C1C9C676F0070B934 /* Main.storyboard */; };
		76F108401C9C676F0070B934 /* Assets.xcassets in Resources */ = {isa = PBXBuildFile; fileRef = 76F1083F1C9C676F0070B934 /* Assets.xcassets */; };
		76F108431C9C676F0070B934 /* LaunchScreen.storyboard in Resources */ = {isa = PBXBuildFile; fileRef = 76F108411C9C676F0070B934 /* LaunchScreen.storyboard */; };
/* End PBXBuildFile section */

/* Begin PBXFileReference section */
		76F108351C9C676F0070B934 /* MyQuickType.app */ = {isa = PBXFileReference; explicitFileType = wrapper.application; includeInIndex = 0; path = MyQuickType.app; sourceTree = BUILT_PRODUCTS_DIR; };
		76F108381C9C676F0070B934 /* AppDelegate.swift */ = {isa = PBXFileReference; lastKnownFileType = sourcecode.swift; path = AppDelegate.swift; sourceTree = "<group>"; };
		76F1083A1C9C676F0070B934 /* ViewController.swift */ = {isa = PBXFileReference; lastKnownFileType = sourcecode.swift; path = ViewController.swift; sourceTree = "<group>"; };
		76F1083D1C9C676F0070B934 /* Base */ = {isa = PBXFileReference; lastKnownFileType = file.storyboard; name = Base; path = Base.lproj/Main.storyboard; sourceTree = "<group>"; };
		76F1083F1C9C676F0070B934 /* Assets.xcassets */ = {isa = PBXFileReference; lastKnownFileType = folder.assetcatalog; path = Assets.xcassets; sourceTree = "<group>"; };
		76F108421C9C676F0070B934 /* Base */ = {isa = PBXFileReference; lastKnownFileType = file.storyboard; name = Base; path = Base.lproj/LaunchScreen.storyboard; sourceTree = "<group>"; };
		76F108441C9C676F0070B934 /* Info.plist */ = {isa = PBXFileReference; lastKnownFileType = text.plist.xml; path = Info.plist; sourceTree = "<group>"; };
/* End PBXFileReference section */

/* Begin PBXFrameworksBuildPhase section */
		76F108321C9C676F0070B934 /* Frameworks */ = {
			isa = PBXFrameworksBuildPhase;
			buildActionMask = 2147483647;
			files = (
			);
			runOnlyForDeploymentPostprocessing = 0;
		};
/* End PBXFrameworksBuildPhase section */

/* Begin PBXGroup section */
		76F1082C1C9C676F0070B934 = {
			isa = PBXGroup;
			children = (
				76F108371C9C676F0070B934 /* MyQuickType */,
				76F108361C9C676F0070B934 /* Products */,
			);
			sourceTree = "<group>";
		};
		76F108361C9C676F0070B934 /* Products */ = {
			isa = PBXGroup;
			children = (
				76F108351C9C676F0070B934 /* MyQuickType.app */,
			);
			name = Products;
			sourceTree = "<group>";
		};
		76F108371C9C676F0070B934 /* MyQuickType */ = {
			isa = PBXGroup;
			children = (
				76F108381C9C676F0070B934 /* AppDelegate.swift */,
				76F1083A1C9C676F0070B934 /* ViewController.swift */,
				76F1083C1C9C676F0070B934 /* Main.storyboard */,
				76F1083F1C9C676F0070B934 /* Assets.xcassets */,
				76F108411C9C676F0070B934 /* LaunchScreen.storyboard */,
				76F108441C9C676F0070B934 /* Info.plist */,
			);
			path = MyQuickType;
			sourceTree = "<group>";
		};
/* End PBXGroup section */

/* Begin PBXNativeTarget section */
		76F108341C9C676F0070B934 /* MyQuickType */ = {
			isa = PBXNativeTarget;
			buildConfigurationList = 76F108471C9C676F0070B934 /* Build configuration list for PBXNativeTarget "MyQuickType" */;
			buildPhases = (
				76F108311C9C676F0070B934 /* Sources */,
				76F108321C9C676F0070B934 /* Frameworks */,
				76F108331C9C676F0070B934 /* Resources */,
			);
			buildRules = (
			);
			dependencies = (
			);
			name = MyQuickType;
			productName = MyQuickType;
			productReference = 76F108351C9C676F0070B934 /* MyQuickType.app */;
			productType = "com.apple.product-type.application";
		};
/* End PBXNativeTarget section */

/* Begin PBXProject section */
		76F1082D1C9C676F0070B934 /* Project object */ = {
			isa = PBXProject;
			attributes = {
				LastSwiftUpdateCheck = 0720;
				LastUpgradeCheck = 0720;
				ORGANIZATIONNAME = "Amita Pai";
				TargetAttributes = {
					76F108341C9C676F0070B934 = {
						CreatedOnToolsVersion = 7.2.1;
						DevelopmentTeam = ZF4K82D9WH;
					};
				};
			};
			buildConfigurationList = 76F108301C9C676F0070B934 /* Build configuration list for PBXProject "MyQuickType" */;
			compatibilityVersion = "Xcode 3.2";
			developmentRegion = English;
			hasScannedForEncodings = 0;
			knownRegions = (
				en,
				Base,
			);
			mainGroup = 76F1082C1C9C676F0070B934;
			productRefGroup = 76F108361C9C676F0070B934 /* Products */;
			projectDirPath = "";
			projectRoot = "";
			targets = (
				76F108341C9C676F0070B934 /* MyQuickType */,
			);
		};
/* End PBXProject section */

/* Begin PBXResourcesBuildPhase section */
		76F108331C9C676F0070B934 /* Resources */ = {
			isa = PBXResourcesBuildPhase;
			buildActionMask = 2147483647;
			files = (
				76F108431C9C676F0070B934 /* LaunchScreen.storyboard in Resources */,
				76F108401C9C676F0070B934 /* Assets.xcassets in Resources */,
				76F1083E1C9C676F0070B934 /* Main.storyboard in Resources */,
			);
			runOnlyForDeploymentPostprocessing = 0;
		};
/* End PBXResourcesBuildPhase section */

/* Begin PBXSourcesBuildPhase section */
		76F108311C9C676F0070B934 /* Sources */ = {
			isa = PBXSourcesBuildPhase;
			buildActionMask = 2147483647;
			files = (
				76F1083B1C9C676F0070B934 /* ViewController.swift in Sources */,
				76F108391C9C676F0070B934 /* AppDelegate.swift in Sources */,
			);
			runOnlyForDeploymentPostprocessing = 0;
		};
/* End PBXSourcesBuildPhase section */

/* Begin PBXVariantGroup section */
		76F1083C1C9C676F0070B934 /* Main.storyboard */ = {
			isa = PBXVariantGroup;
			children = (
				76F1083D1C9C676F0070B934 /* Base */,
			);
			name = Main.storyboard;
			sourceTree = "<group>";
		};
		76F108411C9C676F0070B934 /* LaunchScreen.storyboard */ = {
			isa = PBXVariantGroup;
			children = (
				76F108421C9C676F0070B934 /* Base */,
			);
			name = LaunchScreen.storyboard;
			sourceTree = "<group>";
		};
/* End PBXVariantGroup section */

/* Begin XCBuildConfiguration section */
		76F108451C9C676F0070B934 /* Debug */ = {
			isa = XCBuildConfiguration;
			buildSettings = {
				ALWAYS_SEARCH_USER_PATHS = NO;
				CLANG_CXX_LANGUAGE_STANDARD = "gnu++0x";
				CLANG_CXX_LIBRARY = "libc++";
				CLANG_ENABLE_MODULES = YES;
				CLANG_ENABLE_OBJC_ARC = YES;
				CLANG_WARN_BOOL_CONVERSION = YES;
				CLANG_WARN_CONSTANT_CONVERSION = YES;
				CLANG_WARN_DIRECT_OBJC_ISA_USAGE = YES_ERROR;
				CLANG_WARN_EMPTY_BODY = YES;
				CLANG_WARN_ENUM_CONVERSION = YES;
				CLANG_WARN_INT_CONVERSION = YES;
				CLANG_WARN_OBJC_ROOT_CLASS = YES_ERROR;
				CLANG_WARN_UNREACHABLE_CODE = YES;
				CLANG_WARN__DUPLICATE_METHOD_MATCH = YES;
				"CODE_SIGN_IDENTITY[sdk=iphoneos*]" = "iPhone Developer";
				COPY_PHASE_STRIP = NO;
				DEBUG_INFORMATION_FORMAT = dwarf;
				ENABLE_STRICT_OBJC_MSGSEND = YES;
				ENABLE_TESTABILITY = YES;
				GCC_C_LANGUAGE_STANDARD = gnu99;
				GCC_DYNAMIC_NO_PIC = NO;
				GCC_NO_COMMON_BLOCKS = YES;
				GCC_OPTIMIZATION_LEVEL = 0;
				GCC_PREPROCESSOR_DEFINITIONS = (
					"DEBUG=1",
					"$(inherited)",
				);
				GCC_WARN_64_TO_32_BIT_CONVERSION = YES;
				GCC_WARN_ABOUT_RETURN_TYPE = YES_ERROR;
				GCC_WARN_UNDECLARED_SELECTOR = YES;
				GCC_WARN_UNINITIALIZED_AUTOS = YES_AGGRESSIVE;
				GCC_WARN_UNUSED_FUNCTION = YES;
				GCC_WARN_UNUSED_VARIABLE = YES;
				IPHONEOS_DEPLOYMENT_TARGET = 9.2;
				MTL_ENABLE_DEBUG_INFO = YES;
				ONLY_ACTIVE_ARCH = YES;
				SDKROOT = iphoneos;
				SWIFT_OPTIMIZATION_LEVEL = "-Onone";
				TARGETED_DEVICE_FAMILY = "1,2";
			};
			name = Debug;
		};
		76F108461C9C676F0070B934 /* Release */ = {
			isa = XCBuildConfiguration;
			buildSettings = {
				ALWAYS_SEARCH_USER_PATHS = NO;
				CLANG_CXX_LANGUAGE_STANDARD = "gnu++0x";
				CLANG_CXX_LIBRARY = "libc++";
				CLANG_ENABLE_MODULES = YES;
				CLANG_ENABLE_OBJC_ARC = YES;
				CLANG_WARN_BOOL_CONVERSION = YES;
				CLANG_WARN_CONSTANT_CONVERSION = YES;
				CLANG_WARN_DIRECT_OBJC_ISA_USAGE = YES_ERROR;
				CLANG_WARN_EMPTY_BODY = YES;
				CLANG_WARN_ENUM_CONVERSION = YES;
				CLANG_WARN_INT_CONVERSION = YES;
				CLANG_WARN_OBJC_ROOT_CLASS = YES_ERROR;
				CLANG_WARN_UNREACHABLE_CODE = YES;
				CLANG_WARN__DUPLICATE_METHOD_MATCH = YES;
				"CODE_SIGN_IDENTITY[sdk=iphoneos*]" = "iPhone Developer";
				COPY_PHASE_STRIP = NO;
				DEBUG_INFORMATION_FORMAT = "dwarf-with-dsym";
				ENABLE_NS_ASSERTIONS = NO;
				ENABLE_STRICT_OBJC_MSGSEND = YES;
				GCC_C_LANGUAGE_STANDARD = gnu99;
				GCC_NO_COMMON_BLOCKS = YES;
				GCC_WARN_64_TO_32_BIT_CONVERSION = YES;
				GCC_WARN_ABOUT_RETURN_TYPE = YES_ERROR;
				GCC_WARN_UNDECLARED_SELECTOR = YES;
				GCC_WARN_UNINITIALIZED_AUTOS = YES_AGGRESSIVE;
				GCC_WARN_UNUSED_FUNCTION = YES;
				GCC_WARN_UNUSED_VARIABLE = YES;
				IPHONEOS_DEPLOYMENT_TARGET = 9.2;
				MTL_ENABLE_DEBUG_INFO = NO;
				SDKROOT = iphoneos;
				TARGETED_DEVICE_FAMILY = "1,2";
				VALIDATE_PRODUCT = YES;
			};
			name = Release;
		};
		76F108481C9C676F0070B934 /* Debug */ = {
			isa = XCBuildConfiguration;
			buildSettings = {
				ASSETCATALOG_COMPILER_APPICON_NAME = AppIcon;
				INFOPLIST_FILE = MyQuickType/Info.plist;
				LD_RUNPATH_SEARCH_PATHS = "$(inherited) @executable_path/Frameworks";
				PRODUCT_BUNDLE_IDENTIFIER = com.home.MyQuickType;
				PRODUCT_NAME = "$(TARGET_NAME)";
			};
			name = Debug;
		};
		76F108491C9C676F0070B934 /* Release */ = {
			isa = XCBuildConfiguration;
			buildSettings = {
				ASSETCATALOG_COMPILER_APPICON_NAME = AppIcon;
				INFOPLIST_FILE = MyQuickType/Info.plist;
				LD_RUNPATH_SEARCH_PATHS = "$(inherited) @executable_path/Frameworks";
				PRODUCT_BUNDLE_IDENTIFIER = com.home.MyQuickType;
				PRODUCT_NAME = "$(TARGET_NAME)";
			};
			name = Release;
		};
/* End XCBuildConfiguration section */

/* Begin XCConfigurationList section */
		76F108301C9C676F0070B934 /* Build configuration list for PBXProject "MyQuickType" */ = {
			isa = XCConfigurationList;
			buildConfigurations = (
				76F108451C9C676F0070B934 /* Debug */,
				76F108461C9C676F0070B934 /* Release */,
			);
			defaultConfigurationIsVisible = 0;
			defaultConfigurationName = Release;
		};
		76F108471C9C676F0070B934 /* Build configuration list for PBXNativeTarget "MyQuickType" */ = {
			isa = XCConfigurationList;
			buildConfigurations = (
				76F108481C9C676F0070B934 /* Debug */,
				76F108491C9C676F0070B934 /* Release */,
			);
			defaultConfigurationIsVisible = 0;
		};
/* End XCConfigurationList section */
	};
	rootObject = 76F1082D1C9C676F0070B934 /* Project object */;
}
